
Microsoft Visual Studio Solution File, Format Version 12.00
# Visual Studio Version 17
VisualStudioVersion = 17.0.31903.59
MinimumVisualStudioVersion = 10.0.40219.1
Project("{FAE04EC0-301F-11D3-BF4B-00C04F79EFBC}") = "IdentityServer", "IdentityServer\IdentityServer.csproj", "{459A3BEB-9E2F-4649-9ECE-71E9987ADDB4}"
EndProject
Project("{FAE04EC0-301F-11D3-BF4B-00C04F79EFBC}") = "APIResource", "APIResource\APIResource.csproj", "{2BABFCAD-7E02-42CF-BE4B-55ABF9FDB343}"
EndProject
Project("{FAE04EC0-301F-11D3-BF4B-00C04F79EFBC}") = "WebClient", "WebClient\WebClient.csproj", "{83733C68-4D5F-436B-BCD6-3ED07F560C27}"
EndProject
Global
	GlobalSection(SolutionConfigurationPlatforms) = preSolution
		Debug|Any CPU = Debug|Any CPU
		Debug|x64 = Debug|x64
		Debug|x86 = Debug|x86
		Release|Any CPU = Release|Any CPU
		Release|x64 = Release|x64
		Release|x86 = Release|x86
	EndGlobalSection
	GlobalSection(ProjectConfigurationPlatforms) = postSolution
		{459A3BEB-9E2F-4649-9ECE-71E9987ADDB4}.Debug|Any CPU.ActiveCfg = Debug|Any CPU
		{459A3BEB-9E2F-4649-9ECE-71E9987ADDB4}.Debug|Any CPU.Build.0 = Debug|Any CPU
		{459A3BEB-9E2F-4649-9ECE-71E9987ADDB4}.Debug|x64.ActiveCfg = Debug|Any CPU
		{459A3BEB-9E2F-4649-9ECE-71E9987ADDB4}.Debug|x64.Build.0 = Debug|Any CPU
		{459A3BEB-9E2F-4649-9ECE-71E9987ADDB4}.Debug|x86.ActiveCfg = Debug|Any CPU
		{459A3BEB-9E2F-4649-9ECE-71E9987ADDB4}.Debug|x86.Build.0 = Debug|Any CPU
		{459A3BEB-9E2F-4649-9ECE-71E9987ADDB4}.Release|Any CPU.ActiveCfg = Release|Any CPU
		{459A3BEB-9E2F-4649-9ECE-71E9987ADDB4}.Release|Any CPU.Build.0 = Release|Any CPU
		{459A3BEB-9E2F-4649-9ECE-71E9987ADDB4}.Release|x64.ActiveCfg = Release|Any CPU
		{459A3BEB-9E2F-4649-9ECE-71E9987ADDB4}.Release|x64.Build.0 = Release|Any CPU
		{459A3BEB-9E2F-4649-9ECE-71E9987ADDB4}.Release|x86.ActiveCfg = Release|Any CPU
		{459A3BEB-9E2F-4649-9ECE-71E9987ADDB4}.Release|x86.Build.0 = Release|Any CPU
		{2BABFCAD-7E02-42CF-BE4B-55ABF9FDB343}.Debug|Any CPU.ActiveCfg = Debug|Any CPU
		{2BABFCAD-7E02-42CF-BE4B-55ABF9FDB343}.Debug|Any CPU.Build.0 = Debug|Any CPU
		{2BABFCAD-7E02-42CF-BE4B-55ABF9FDB343}.Debug|x64.ActiveCfg = Debug|Any CPU
		{2BABFCAD-7E02-42CF-BE4B-55ABF9FDB343}.Debug|x64.Build.0 = Debug|Any CPU
		{2BABFCAD-7E02-42CF-BE4B-55ABF9FDB343}.Debug|x86.ActiveCfg = Debug|Any CPU
		{2BABFCAD-7E02-42CF-BE4B-55ABF9FDB343}.Debug|x86.Build.0 = Debug|Any CPU
		{2BABFCAD-7E02-42CF-BE4B-55ABF9FDB343}.Release|Any CPU.ActiveCfg = Release|Any CPU
		{2BABFCAD-7E02-42CF-BE4B-55ABF9FDB343}.Release|Any CPU.Build.0 = Release|Any CPU
		{2BABFCAD-7E02-42CF-BE4B-55ABF9FDB343}.Release|x64.ActiveCfg = Release|Any CPU
		{2BABFCAD-7E02-42CF-BE4B-55ABF9FDB343}.Release|x64.Build.0 = Release|Any CPU
		{2BABFCAD-7E02-42CF-BE4B-55ABF9FDB343}.Release|x86.ActiveCfg = Release|Any CPU
		{2BABFCAD-7E02-42CF-BE4B-55ABF9FDB343}.Release|x86.Build.0 = Release|Any CPU
		{83733C68-4D5F-436B-BCD6-3ED07F560C27}.Debug|Any CPU.ActiveCfg = Debug|Any CPU
		{83733C68-4D5F-436B-BCD6-3ED07F560C27}.Debug|Any CPU.Build.0 = Debug|Any CPU
		{83733C68-4D5F-436B-BCD6-3ED07F560C27}.Debug|x64.ActiveCfg = Debug|Any CPU
		{83733C68-4D5F-436B-BCD6-3ED07F560C27}.Debug|x64.Build.0 = Debug|Any CPU
		{83733C68-4D5F-436B-BCD6-3ED07F560C27}.Debug|x86.ActiveCfg = Debug|Any CPU
		{83733C68-4D5F-436B-BCD6-3ED07F560C27}.Debug|x86.Build.0 = Debug|Any CPU
		{83733C68-4D5F-436B-BCD6-3ED07F560C27}.Release|Any CPU.ActiveCfg = Release|Any CPU
		{83733C68-4D5F-436B-BCD6-3ED07F560C27}.Release|Any CPU.Build.0 = Release|Any CPU
		{83733C68-4D5F-436B-BCD6-3ED07F560C27}.Release|x64.ActiveCfg = Release|Any CPU
		{83733C68-4D5F-436B-BCD6-3ED07F560C27}.Release|x64.Build.0 = Release|Any CPU
		{83733C68-4D5F-436B-BCD6-3ED07F560C27}.Release|x86.ActiveCfg = Release|Any CPU
		{83733C68-4D5F-436B-BCD6-3ED07F560C27}.Release|x86.Build.0 = Release|Any CPU
	EndGlobalSection
	GlobalSection(SolutionProperties) = preSolution
		HideSolutionNode = FALSE
	EndGlobalSection
EndGlobal
